
Microsoft Visual Studio Solution File, Format Version 12.00
# Visual Studio 14
VisualStudioVersion = 14.0.25420.1
MinimumVisualStudioVersion = 10.0.40219.1
Project("{FAE04EC0-301F-11D3-BF4B-00C04F79EFBC}") = "VWG.Firebase", "VWG.Firebase\VWG.Firebase.csproj", "{438C03AB-4ABC-473D-ADC3-8B14D977E007}"
EndProject
Project("{FAE04EC0-301F-11D3-BF4B-00C04F79EFBC}") = "VWG.Firebase.WebAuthTest", "VWG.Firebase.WebAuthTest\VWG.Firebase.WebAuthTest.csproj", "{CBDA6BD8-7072-4F1F-A445-1FDBE4A32A6B}"
EndProject
Project("{FAE04EC0-301F-11D3-BF4B-00C04F79EFBC}") = "VWG.Firebase.WebPushTest", "VWG.Firebase.WebPushTest\VWG.Firebase.WebPushTest.csproj", "{24339457-1D6A-43A8-B571-41E4A6F7C026}"
EndProject
Global
	GlobalSection(SolutionConfigurationPlatforms) = preSolution
		Debug|Any CPU = Debug|Any CPU
		Release|Any CPU = Release|Any CPU
	EndGlobalSection
	GlobalSection(ProjectConfigurationPlatforms) = postSolution
		{438C03AB-4ABC-473D-ADC3-8B14D977E007}.Debug|Any CPU.ActiveCfg = Debug|Any CPU
		{438C03AB-4ABC-473D-ADC3-8B14D977E007}.Debug|Any CPU.Build.0 = Debug|Any CPU
		{438C03AB-4ABC-473D-ADC3-8B14D977E007}.Release|Any CPU.ActiveCfg = Release|Any CPU
		{438C03AB-4ABC-473D-ADC3-8B14D977E007}.Release|Any CPU.Build.0 = Release|Any CPU
		{CBDA6BD8-7072-4F1F-A445-1FDBE4A32A6B}.Debug|Any CPU.ActiveCfg = Debug|Any CPU
		{CBDA6BD8-7072-4F1F-A445-1FDBE4A32A6B}.Debug|Any CPU.Build.0 = Debug|Any CPU
		{CBDA6BD8-7072-4F1F-A445-1FDBE4A32A6B}.Release|Any CPU.ActiveCfg = Release|Any CPU
		{CBDA6BD8-7072-4F1F-A445-1FDBE4A32A6B}.Release|Any CPU.Build.0 = Release|Any CPU
		{24339457-1D6A-43A8-B571-41E4A6F7C026}.Debug|Any CPU.ActiveCfg = Debug|Any CPU
		{24339457-1D6A-43A8-B571-41E4A6F7C026}.Debug|Any CPU.Build.0 = Debug|Any CPU
		{24339457-1D6A-43A8-B571-41E4A6F7C026}.Release|Any CPU.ActiveCfg = Release|Any CPU
		{24339457-1D6A-43A8-B571-41E4A6F7C026}.Release|Any CPU.Build.0 = Release|Any CPU
	EndGlobalSection
	GlobalSection(SolutionProperties) = preSolution
		HideSolutionNode = FALSE
	EndGlobalSection
EndGlobal
